<?xml version="1.0" encoding="utf-8"?>
<Project ToolsVersion="4.0" xmlns="http://schemas.microsoft.com/developer/msbuild/2003">
  <ItemGroup>
    <ClCompile Include="SDL2_gfx\SDL2_framerate.cpp" />
    <ClCompile Include="SDL2_gfx\SDL2_gfxPrimitives.cpp" />
    <ClCompile Include="SDL2_gfx\SDL2_imageFilter.cpp" />
    <ClCompile Include="SDL2_gfx\SDL2_rotozoom.cpp" />
    <ClCompile Include="Sources\Actor.cpp" />
    <ClCompile Include="Sources\Altar.cpp" />
    <ClCompile Include="Sources\AltarSkeleton.cpp" />
    <ClCompile Include="Sources\Application.cpp" />
    <ClCompile Include="Sources\Armor.cpp" />
    <ClCompile Include="Sources\BeerButton.cpp" />
    <ClCompile Include="Sources\AStar.cpp" />
    <ClCompile Include="Sources\Blunderbuss.cpp" />
    <ClCompile Include="Sources\Boots.cpp" />
    <ClCompile Include="Sources\AudioManager.cpp" />
    <ClCompile Include="Sources\BoneBullet.cpp" />
    <ClCompile Include="Sources\Bullet.cpp" />
    <ClCompile Include="Sources\Button.cpp" />
    <ClCompile Include="Sources\Camera.cpp" />
    <ClCompile Include="Sources\CaribbeanIslandState.cpp" />
    <ClCompile Include="Sources\Chest.cpp" />
    <ClCompile Include="Sources\Cleon.cpp" />
    <ClCompile Include="Sources\Clon.cpp" />
    <ClCompile Include="Sources\CollisionCtrl.cpp" />
    <ClCompile Include="Sources\Collisions.cpp" />
    <ClCompile Include="Sources\ControlsState.cpp" />
    <ClCompile Include="Sources\Cooldown.cpp" />
    <ClCompile Include="Sources\Crab.cpp" />
    <ClCompile Include="Sources\CreditsState.cpp" />
    <ClCompile Include="Sources\Draw.cpp" />
    <ClCompile Include="Sources\Dynamic.cpp" />
    <ClCompile Include="Sources\EndState.cpp" />
    <ClCompile Include="Sources\Enemy.cpp" />
    <ClCompile Include="Sources\EnemyPirate.cpp" />
    <ClCompile Include="Sources\Equipment.cpp" />
    <ClCompile Include="Sources\Font.cpp" />
    <ClCompile Include="Sources\FontManager.cpp" />
    <ClCompile Include="Sources\GameManager.cpp" />
    <ClCompile Include="Sources\GameObject.cpp" />
    <ClCompile Include="Sources\GameState.cpp" />
    <ClCompile Include="Sources\GameStateMachine.cpp" />
    <ClCompile Include="Sources\Gloves.cpp" />
    <ClCompile Include="Sources\Gun.cpp" />
    <ClCompile Include="Sources\HandleEvents.cpp" />
    <ClCompile Include="Sources\HUD.cpp" />
    <ClCompile Include="Sources\Ink.cpp" />
    <ClCompile Include="Sources\Inventory.cpp" />
    <ClCompile Include="Sources\InventoryButton.cpp" />
    <ClCompile Include="Sources\Item.cpp" />
    <ClCompile Include="Sources\jute.cpp" />
    <ClCompile Include="Sources\Kraken.cpp" />
    <ClCompile Include="Sources\LoadState.cpp" />
    <ClCompile Include="Sources\Magordito.cpp" />
    <ClCompile Include="Sources\MagorditoIA.cpp" />
    <ClCompile Include="Sources\main.cpp" />
    <ClCompile Include="Sources\MainMenuState.cpp" />
    <ClCompile Include="Sources\MonkeyCoco.cpp" />
    <ClCompile Include="Sources\NPC.cpp" />
    <ClCompile Include="Sources\Obstacle.cpp" />
    <ClCompile Include="Sources\PauseState.cpp" />
    <ClCompile Include="Sources\PerforateSkill.cpp" />
    <ClCompile Include="Sources\Physics.cpp" />
    <ClCompile Include="Sources\Player.cpp" />
    <ClCompile Include="Sources\PlayerBullet.cpp" />
    <ClCompile Include="Sources\PlayState.cpp" />
    <ClCompile Include="Sources\Pumpkin.cpp" />
    <ClCompile Include="Sources\RandEquipGen.cpp" />
    <ClCompile Include="Sources\Resources.cpp" />
    <ClCompile Include="Sources\RicochetSkill.cpp" />
    <ClCompile Include="Sources\SaveState.cpp" />
    <ClCompile Include="Sources\SDL_macros.cpp" />
    <ClCompile Include="Sources\SelectLevelState.cpp" />
    <ClCompile Include="Sources\ShipState.cpp" />
    <ClCompile Include="Sources\Skill.cpp" />
    <ClCompile Include="Sources\SkillButton.cpp" />
    <ClCompile Include="Sources\Skeleton.cpp" />
    <ClCompile Include="Sources\SkillState.cpp" />
    <ClCompile Include="Sources\ShopState.cpp" />
    <ClCompile Include="Sources\SRandBasedGenerator.cpp" />
    <ClCompile Include="Sources\SpookyIslandState.cpp" />
    <ClCompile Include="Sources\ShipObject.cpp" />
    <ClCompile Include="Sources\StashState.cpp" />
    <ClCompile Include="Sources\StoryState.cpp" />
    <ClCompile Include="Sources\Tentacle.cpp" />
    <ClCompile Include="Sources\Sword.cpp" />
    <ClCompile Include="Sources\TextBox.cpp" />
    <ClCompile Include="Sources\Texture.cpp" />
    <ClCompile Include="Sources\TextureManager.cpp" />
    <ClCompile Include="Sources\TiledMap.cpp" />
    <ClCompile Include="Sources\usable.cpp" />
    <ClCompile Include="Sources\Vector2D.cpp" />
    <ClCompile Include="Sources\VolcanicIslandState.cpp" />
    <ClCompile Include="Sources\WinState.cpp" />
    <ClCompile Include="Sources\Wolf.cpp" />
    <ClCompile Include="tmxLite\FreeFuncs.cpp" />
    <ClCompile Include="tmxLite\ImageLayer.cpp" />
    <ClCompile Include="tmxLite\LayerGroup.cpp" />
    <ClCompile Include="tmxLite\Map.cpp" />
    <ClCompile Include="tmxLite\miniz.c" />
    <ClCompile Include="tmxLite\Object.cpp" />
    <ClCompile Include="tmxLite\ObjectGroup.cpp" />
    <ClCompile Include="tmxLite\Property.cpp" />
    <ClCompile Include="tmxLite\pugixml.cpp" />
    <ClCompile Include="tmxLite\TileLayer.cpp" />
    <ClCompile Include="tmxLite\Tileset.cpp" />
    <ClCompile Include="Sources\Kirin.cpp" />
    <ClCompile Include="Sources\TestState.cpp" />
    <ClCompile Include="Sources\tutorialObject.cpp" />
    <ClCompile Include="Sources\tutorialState.cpp" />
    <ClCompile Include="Sources\Barrel.cpp" />
  </ItemGroup>
  <ItemGroup>
    <ClInclude Include="Sources\Actor.h" />
    <ClInclude Include="Sources\Altar.h" />
    <ClInclude Include="Sources\AltarSkeleton.h" />
    <ClInclude Include="Sources\Application.h" />
    <ClInclude Include="Sources\Armor.h" />
    <ClInclude Include="Sources\BeerButton.h" />
    <ClInclude Include="Sources\AStar.hpp" />
    <ClInclude Include="Sources\Blunderbuss.h" />
    <ClInclude Include="Sources\Boots.h" />
    <ClInclude Include="Sources\BoneBullet.h" />
    <ClInclude Include="Sources\Bullet.h" />
    <ClInclude Include="Sources\AudioManager.h" />
    <ClInclude Include="Sources\Button.h" />
    <ClInclude Include="Sources\Camera.h" />
    <ClInclude Include="Sources\CaribbeanIslandState.h" />
    <ClInclude Include="Sources\checkML.h" />
    <ClInclude Include="Sources\Cleon.h" />
    <ClInclude Include="Sources\Chest.h" />
    <ClInclude Include="Sources\Clon.h" />
    <ClInclude Include="Sources\ClonSelfDestructSkill.h" />
    <ClInclude Include="Sources\ClonSkill.h" />
    <ClInclude Include="Sources\Collider.h" />
    <ClInclude Include="Sources\CollisionCtrl.h" />
    <ClInclude Include="Sources\Collisions.h" />
    <ClInclude Include="Sources\ControlsState.h" />
    <ClInclude Include="Sources\Cooldown.h" />
    <ClInclude Include="Sources\Crab.h" />
    <ClInclude Include="Sources\CreditsState.h" />
    <ClInclude Include="Sources\Draw.h" />
    <ClInclude Include="Sources\Dynamic.h" />
    <ClInclude Include="Sources\EmpoweredSkill.h" />
    <ClInclude Include="Sources\EndState.h" />
    <ClInclude Include="Sources\Enemy.h" />
    <ClInclude Include="Sources\EnemyPirate.h" />
    <ClInclude Include="Sources\Equipment.h" />
    <ClInclude Include="Sources\Font.h" />
    <ClInclude Include="Sources\FontManager.h" />
    <ClInclude Include="Sources\GameManager.h" />
    <ClInclude Include="Sources\GameObject.h" />
    <ClInclude Include="Sources\GameState.h" />
    <ClInclude Include="Sources\GameStateMachine.h" />
    <ClInclude Include="Sources\Gloves.h" />
    <ClInclude Include="Sources\Gun.h" />
    <ClInclude Include="Sources\HandleEvents.h" />
    <ClInclude Include="Sources\Ink.h" />
    <ClInclude Include="Sources\jute.h" />
    <ClInclude Include="Sources\Kraken.h" />
    <ClInclude Include="Sources\LoadState.h" />
    <ClInclude Include="Sources\Magordito.h" />
    <ClInclude Include="Sources\HUD.h" />
    <ClInclude Include="Sources\MagorditoIA.h" />
    <ClInclude Include="Sources\Obstacle.h" />
    <ClInclude Include="Sources\MonkeyCoco.h" />
    <ClInclude Include="Sources\PerforateSkill.h" />
    <ClInclude Include="Sources\Physics.h" />
    <ClInclude Include="Sources\Inventory.h" />
    <ClInclude Include="Sources\InventoryButton.h" />
    <ClInclude Include="Sources\Item.h" />
    <ClInclude Include="Sources\MainMenuState.h" />
    <ClInclude Include="Sources\NPC.h" />
    <ClInclude Include="Sources\PauseState.h" />
    <ClInclude Include="Sources\Player.h" />
    <ClInclude Include="Sources\PlayerBullet.h" />
    <ClInclude Include="Sources\PlayState.h" />
    <ClInclude Include="Sources\Pumpkin.h" />
    <ClInclude Include="Sources\RandEquipGen.h" />
    <ClInclude Include="Sources\Resources.h" />
    <ClInclude Include="Sources\RicochetSkill.h" />
    <ClInclude Include="Sources\SaveState.h" />
    <ClInclude Include="Sources\SDL_macros.h" />
    <ClInclude Include="Sources\SelectLevelState.h" />
    <ClInclude Include="Sources\ShipState.h" />
    <ClInclude Include="Sources\ShopState.h" />
    <ClInclude Include="Sources\Skeleton.h" />
    <ClInclude Include="Sources\Skill.h" />
    <ClInclude Include="Sources\SkillButton.h" />
    <ClInclude Include="Sources\SkillState.h" />
    <ClInclude Include="Sources\SRandBasedGenerator.h" />
    <ClInclude Include="Sources\SpookyIslandState.h" />
    <ClInclude Include="Sources\ShipObject.h" />
    <ClInclude Include="Sources\StashState.h" />
    <ClInclude Include="Sources\Stats.h" />
    <ClInclude Include="Sources\StoryState.h" />
    <ClInclude Include="Sources\Tentacle.h" />
    <ClInclude Include="Sources\Sword.h" />
    <ClInclude Include="Sources\TextBox.h" />
    <ClInclude Include="Sources\Texture.h" />
    <ClInclude Include="Sources\TextureManager.h" />
    <ClInclude Include="Sources\TiledMap.h" />
    <ClInclude Include="Sources\usable.h" />
    <ClInclude Include="Sources\Vector2D.h" />
    <ClInclude Include="Sources\VisualElement.h" />
    <ClInclude Include="Sources\VolcanicIslandState.h" />
    <ClInclude Include="Sources\WinState.h" />
    <ClInclude Include="Sources\Wolf.h" />
    <ClInclude Include="Sources\WhirlwindSkill.h" />
    <ClInclude Include="tmxLite\Config.hpp" />
    <ClInclude Include="tmxLite\FreeFuncs.hpp" />
    <ClInclude Include="tmxLite\ImageLayer.hpp" />
    <ClInclude Include="tmxLite\Layer.hpp" />
    <ClInclude Include="tmxLite\LayerGroup.hpp" />
    <ClInclude Include="tmxLite\Log.hpp" />
    <ClInclude Include="tmxLite\Map.hpp" />
    <ClInclude Include="tmxLite\miniz.h" />
    <ClInclude Include="tmxLite\Object.hpp" />
    <ClInclude Include="tmxLite\ObjectGroup.hpp" />
    <ClInclude Include="tmxLite\Property.hpp" />
    <ClInclude Include="tmxLite\pugiconfig.hpp" />
    <ClInclude Include="tmxLite\pugixml.hpp" />
    <ClInclude Include="tmxLite\TileLayer.hpp" />
    <ClInclude Include="tmxLite\Tileset.hpp" />
    <ClInclude Include="tmxLite\Types.hpp" />
    <ClInclude Include="Sources\Kirin.h" />
    <ClInclude Include="Sources\TestState.h" />
    <ClInclude Include="Sources\tutorialObject.h" />
    <ClInclude Include="Sources\tutorialState.h" />
    <ClInclude Include="Sources\Barrel.h" />
  </ItemGroup>
</Project>