<?xml version="1.0" encoding="utf-8"?>
<Project ToolsVersion="4.0" xmlns="http://schemas.microsoft.com/developer/msbuild/2003">
  <ItemGroup>
    <ClCompile Include="SDL2_gfx\SDL2_framerate.cpp" />
    <ClCompile Include="SDL2_gfx\SDL2_gfxPrimitives.cpp" />
    <ClCompile Include="SDL2_gfx\SDL2_imageFilter.cpp" />
    <ClCompile Include="SDL2_gfx\SDL2_rotozoom.cpp" />
    <ClCompile Include="Sources\Actor.cpp" />
    <ClCompile Include="Sources\Application.cpp" />
    <ClCompile Include="Sources\Boots.cpp" />
    <ClCompile Include="Sources\AudioManager.cpp" />
    <ClCompile Include="Sources\Bullet.cpp" />
    <ClCompile Include="Sources\Button.cpp" />
    <ClCompile Include="Sources\Camera.cpp" />
    <ClCompile Include="Sources\CaribbeanIslandState.cpp" />
    <ClCompile Include="Sources\Chest.cpp" />
    <ClCompile Include="Sources\Cleon.cpp" />
    <ClCompile Include="Sources\Clon.cpp" />
    <ClCompile Include="Sources\CollisionCtrl.cpp" />
    <ClCompile Include="Sources\Collisions.cpp" />
    <ClCompile Include="Sources\ControlsState.cpp" />
    <ClCompile Include="Sources\Crab.cpp" />
    <ClCompile Include="Sources\CreditsState.cpp" />
    <ClCompile Include="Sources\Draw.cpp" />
    <ClCompile Include="Sources\Dynamic.cpp" />
    <ClCompile Include="Sources\EndState.cpp" />
    <ClCompile Include="Sources\Enemy.cpp" />
    <ClCompile Include="Sources\EnemyPirate.cpp" />
    <ClCompile Include="Sources\Equipment.cpp" />
    <ClCompile Include="Sources\Font.cpp" />
    <ClCompile Include="Sources\FontManager.cpp" />
    <ClCompile Include="Sources\GameManager.cpp" />
    <ClCompile Include="Sources\GameObject.cpp" />
    <ClCompile Include="Sources\GameState.cpp" />
    <ClCompile Include="Sources\GameStateMachine.cpp" />
    <ClCompile Include="Sources\Gloves.cpp" />
    <ClCompile Include="Sources\Gun.cpp" />
    <ClCompile Include="Sources\HandleEvents.cpp" />
    <ClCompile Include="Sources\HUD.cpp" />
    <ClCompile Include="Sources\interactuable.cpp" />
    <ClCompile Include="Sources\Inventory.cpp" />
    <ClCompile Include="Sources\InventoryButton.cpp" />
    <ClCompile Include="Sources\Item.cpp" />
    <ClCompile Include="Sources\Kraken.cpp" />
    <ClCompile Include="Sources\Magordito.cpp" />
    <ClCompile Include="Sources\main.cpp" />
    <ClCompile Include="Sources\MainMenuState.cpp" />
    <ClCompile Include="Sources\MonkeyCoco.cpp" />
    <ClCompile Include="Sources\NPC.cpp" />
    <ClCompile Include="Sources\Obstacle.cpp" />
    <ClCompile Include="Sources\PauseState.cpp" />
    <ClCompile Include="Sources\PerforateSkill.cpp" />
    <ClCompile Include="Sources\Physics.cpp" />
    <ClCompile Include="Sources\Player.cpp" />
    <ClCompile Include="Sources\PlayerBullet.cpp" />
    <ClCompile Include="Sources\PlayState.cpp" />
    <ClCompile Include="Sources\Pumpkin.cpp" />
    <ClCompile Include="Sources\RandEquipGen.cpp" />
    <ClCompile Include="Sources\Resources.cpp" />
    <ClCompile Include="Sources\RicochetSkill.cpp" />
    <ClCompile Include="Sources\SaveLoadState.cpp" />
    <ClCompile Include="Sources\SDL_macros.cpp" />
    <ClCompile Include="Sources\SelectLevelState.cpp" />
    <ClCompile Include="Sources\ShipState.cpp" />
    <ClCompile Include="Sources\Skill.cpp" />
    <ClCompile Include="Sources\SkillButton.cpp" />
    <ClCompile Include="Sources\SkillState.cpp" />
    <ClCompile Include="Sources\ShopState.cpp" />
    <ClCompile Include="Sources\SRandBasedGenerator.cpp" />
    <ClCompile Include="Sources\SpookyIslandState.cpp" />
    <ClCompile Include="Sources\ShipObject.cpp" />
    <ClCompile Include="Sources\StashState.cpp" />
    <ClCompile Include="Sources\StoryState.cpp" />
    <ClCompile Include="Sources\Tentacle.cpp" />
    <ClCompile Include="Sources\Sword.cpp" />
    <ClCompile Include="Sources\Texture.cpp" />
    <ClCompile Include="Sources\TextureManager.cpp" />
    <ClCompile Include="Sources\Trigger.cpp" />
    <ClCompile Include="Sources\usable.cpp" />
    <ClCompile Include="Sources\Vector2D.cpp" />
    <ClCompile Include="Sources\VolcanicIslandState.cpp" />
    <ClCompile Include="Sources\WinState.cpp" />
    <ClCompile Include="Sources\Wolf.cpp" />
    <ClCompile Include="Sources\TextBox.cpp" />
    <ClCompile Include="Sources\Armor.cpp" />
    <ClCompile Include="tmxLite\FreeFuncs.cpp">
      <Filter>TXMLite</Filter>
    </ClCompile>
    <ClCompile Include="tmxLite\ImageLayer.cpp">
      <Filter>TXMLite</Filter>
    </ClCompile>
    <ClCompile Include="tmxLite\LayerGroup.cpp">
      <Filter>TXMLite</Filter>
    </ClCompile>
    <ClCompile Include="tmxLite\Map.cpp">
      <Filter>TXMLite</Filter>
    </ClCompile>
    <ClCompile Include="tmxLite\miniz.c">
      <Filter>TXMLite</Filter>
    </ClCompile>
    <ClCompile Include="tmxLite\Object.cpp">
      <Filter>TXMLite</Filter>
    </ClCompile>
    <ClCompile Include="tmxLite\ObjectGroup.cpp">
      <Filter>TXMLite</Filter>
    </ClCompile>
    <ClCompile Include="tmxLite\Property.cpp">
      <Filter>TXMLite</Filter>
    </ClCompile>
    <ClCompile Include="tmxLite\pugixml.cpp">
      <Filter>TXMLite</Filter>
    </ClCompile>
    <ClCompile Include="tmxLite\TileLayer.cpp">
      <Filter>TXMLite</Filter>
    </ClCompile>
    <ClCompile Include="tmxLite\Tileset.cpp">
      <Filter>TXMLite</Filter>
    </ClCompile>
    <ClCompile Include="Sources\TiledMap.cpp" />
  </ItemGroup>
  <ItemGroup>
    <ClInclude Include="Sources\Actor.h" />
    <ClInclude Include="Sources\Application.h" />
    <ClInclude Include="Sources\Boots.h" />
    <ClInclude Include="Sources\Bullet.h" />
    <ClInclude Include="Sources\AudioManager.h" />
    <ClInclude Include="Sources\Button.h" />
    <ClInclude Include="Sources\Camera.h" />
    <ClInclude Include="Sources\CaribbeanIslandState.h" />
    <ClInclude Include="Sources\checkML.h" />
    <ClInclude Include="Sources\Cleon.h" />
    <ClInclude Include="Sources\Chest.h" />
    <ClInclude Include="Sources\Clon.h" />
    <ClInclude Include="Sources\ClonSelfDestructSkill.h" />
    <ClInclude Include="Sources\ClonSkill.h" />
    <ClInclude Include="Sources\Collider.h" />
    <ClInclude Include="Sources\CollisionCtrl.h" />
    <ClInclude Include="Sources\Collisions.h" />
    <ClInclude Include="Sources\ControlsState.h" />
    <ClInclude Include="Sources\Crab.h" />
    <ClInclude Include="Sources\CreditsState.h" />
    <ClInclude Include="Sources\Draw.h" />
    <ClInclude Include="Sources\Dynamic.h" />
    <ClInclude Include="Sources\EmpoweredSkill.h" />
    <ClInclude Include="Sources\EndState.h" />
    <ClInclude Include="Sources\Enemy.h" />
    <ClInclude Include="Sources\EnemyPirate.h" />
    <ClInclude Include="Sources\Equipment.h" />
    <ClInclude Include="Sources\Font.h" />
    <ClInclude Include="Sources\FontManager.h" />
    <ClInclude Include="Sources\GameManager.h" />
    <ClInclude Include="Sources\GameObject.h" />
    <ClInclude Include="Sources\GameState.h" />
    <ClInclude Include="Sources\GameStateMachine.h" />
    <ClInclude Include="Sources\Gloves.h" />
    <ClInclude Include="Sources\Gun.h" />
    <ClInclude Include="Sources\HandleEvents.h" />
    <ClInclude Include="Sources\Kraken.h" />
    <ClInclude Include="Sources\Magordito.h" />
    <ClInclude Include="Sources\HUD.h" />
    <ClInclude Include="Sources\Obstacle.h" />
    <ClInclude Include="Sources\MonkeyCoco.h" />
    <ClInclude Include="Sources\PerforateSkill.h" />
    <ClInclude Include="Sources\Physics.h" />
    <ClInclude Include="Sources\interactuable.h" />
    <ClInclude Include="Sources\Inventory.h" />
    <ClInclude Include="Sources\InventoryButton.h" />
    <ClInclude Include="Sources\Item.h" />
    <ClInclude Include="Sources\MainMenuState.h" />
    <ClInclude Include="Sources\NPC.h" />
    <ClInclude Include="Sources\PauseState.h" />
    <ClInclude Include="Sources\Player.h" />
    <ClInclude Include="Sources\PlayerBullet.h" />
    <ClInclude Include="Sources\PlayState.h" />
    <ClInclude Include="Sources\Pumpkin.h" />
    <ClInclude Include="Sources\RandEquipGen.h" />
    <ClInclude Include="Sources\Resources.h" />
    <ClInclude Include="Sources\RicochetSkill.h" />
    <ClInclude Include="Sources\SaveLoadState.h" />
    <ClInclude Include="Sources\SDL_macros.h" />
    <ClInclude Include="Sources\SelectLevelState.h" />
    <ClInclude Include="Sources\ShipState.h" />
    <ClInclude Include="Sources\ShopState.h" />
    <ClInclude Include="Sources\Skill.h" />
    <ClInclude Include="Sources\SkillButton.h" />
    <ClInclude Include="Sources\SkillState.h" />
    <ClInclude Include="Sources\SRandBasedGenerator.h" />
    <ClInclude Include="Sources\SpookyIslandState.h" />
    <ClInclude Include="Sources\ShipObject.h" />
    <ClInclude Include="Sources\StashState.h" />
    <ClInclude Include="Sources\Stats.h" />
    <ClInclude Include="Sources\StoryState.h" />
    <ClInclude Include="Sources\Tentacle.h" />
    <ClInclude Include="Sources\Sword.h" />
    <ClInclude Include="Sources\TextBox.h" />
    <ClInclude Include="Sources\Texture.h" />
    <ClInclude Include="Sources\TextureManager.h" />
    <ClInclude Include="Sources\Trigger.h" />
    <ClInclude Include="Sources\usable.h" />
    <ClInclude Include="Sources\Vector2D.h" />
    <ClInclude Include="Sources\VisualElement.h" />
    <ClInclude Include="Sources\VolcanicIslandState.h" />
    <ClInclude Include="Sources\WinState.h" />
    <ClInclude Include="Sources\Wolf.h" />
    <ClInclude Include="Sources\WhirlwindSkill.h" />
    <ClInclude Include="Sources\Armor.h" />
    <ClInclude Include="tmxLite\Config.hpp">
      <Filter>TXMLite</Filter>
    </ClInclude>
    <ClInclude Include="tmxLite\FreeFuncs.hpp">
      <Filter>TXMLite</Filter>
    </ClInclude>
    <ClInclude Include="tmxLite\ImageLayer.hpp">
      <Filter>TXMLite</Filter>
    </ClInclude>
    <ClInclude Include="tmxLite\Layer.hpp">
      <Filter>TXMLite</Filter>
    </ClInclude>
    <ClInclude Include="tmxLite\LayerGroup.hpp">
      <Filter>TXMLite</Filter>
    </ClInclude>
    <ClInclude Include="tmxLite\Log.hpp">
      <Filter>TXMLite</Filter>
    </ClInclude>
    <ClInclude Include="tmxLite\Map.hpp">
      <Filter>TXMLite</Filter>
    </ClInclude>
    <ClInclude Include="tmxLite\miniz.h">
      <Filter>TXMLite</Filter>
    </ClInclude>
    <ClInclude Include="tmxLite\Object.hpp">
      <Filter>TXMLite</Filter>
    </ClInclude>
    <ClInclude Include="tmxLite\ObjectGroup.hpp">
      <Filter>TXMLite</Filter>
    </ClInclude>
    <ClInclude Include="tmxLite\Property.hpp">
      <Filter>TXMLite</Filter>
    </ClInclude>
    <ClInclude Include="tmxLite\pugiconfig.hpp">
      <Filter>TXMLite</Filter>
    </ClInclude>
    <ClInclude Include="tmxLite\pugixml.hpp">
      <Filter>TXMLite</Filter>
    </ClInclude>
    <ClInclude Include="tmxLite\TileLayer.hpp">
      <Filter>TXMLite</Filter>
    </ClInclude>
    <ClInclude Include="tmxLite\Tileset.hpp">
      <Filter>TXMLite</Filter>
    </ClInclude>
    <ClInclude Include="tmxLite\Types.hpp">
      <Filter>TXMLite</Filter>
    </ClInclude>
    <ClInclude Include="Sources\TiledMap.h" />
  </ItemGroup>
  <ItemGroup>
    <Filter Include="GameStateMahcine">
      <UniqueIdentifier>{d538f83c-0557-4cbe-a452-42e8e3968f13}</UniqueIdentifier>
    </Filter>
    <Filter Include="GameObjects">
      <UniqueIdentifier>{c5536575-d02b-4f4d-8d72-1800aef28992}</UniqueIdentifier>
    </Filter>
    <Filter Include="GameObjects\Player">
      <UniqueIdentifier>{e21c04b9-58ae-4984-a421-9fb01bada395}</UniqueIdentifier>
    </Filter>
    <Filter Include="GameObjects\Enemies">
      <UniqueIdentifier>{952c0873-2367-4bf9-b469-0d3be470d7b8}</UniqueIdentifier>
    </Filter>
    <Filter Include="GameObjects\Objects">
      <UniqueIdentifier>{f2935c27-7ca3-41b6-949d-815427c9942a}</UniqueIdentifier>
    </Filter>
    <Filter Include="Managers">
      <UniqueIdentifier>{a341b240-0598-4e28-8fc2-3c8469445904}</UniqueIdentifier>
    </Filter>
    <Filter Include="Tools">
      <UniqueIdentifier>{06ef5a17-8315-4334-a756-1e91f63a7fa1}</UniqueIdentifier>
    </Filter>
    <Filter Include="GameObjects\SDL_gfx">
      <UniqueIdentifier>{af832b6e-25fd-4f01-ab1c-db404ba0f52c}</UniqueIdentifier>
    </Filter>
    <Filter Include="TXMLite">
      <UniqueIdentifier>{0c93a675-c0e6-42d8-9f18-ef086b886b38}</UniqueIdentifier>
    </Filter>
  </ItemGroup>
</Project>